
Microsoft Visual Studio Solution File, Format Version 12.00
# Visual Studio Version 17
VisualStudioVersion = 17.0.32126.317
MinimumVisualStudioVersion = 10.0.40219.1
Project("{FAE04EC0-301F-11D3-BF4B-00C04F79EFBC}") = "external-login-demo", "external-login-demo\external-login-demo.csproj", "{831525C8-D049-4BBF-B3C7-0AE2C9730FC5}"
EndProject
Global
	GlobalSection(SolutionConfigurationPlatforms) = preSolution
		Debug|Any CPU = Debug|Any CPU
		Release|Any CPU = Release|Any CPU
	EndGlobalSection
	GlobalSection(ProjectConfigurationPlatforms) = postSolution
		{831525C8-D049-4BBF-B3C7-0AE2C9730FC5}.Debug|Any CPU.ActiveCfg = Debug|Any CPU
		{831525C8-D049-4BBF-B3C7-0AE2C9730FC5}.Debug|Any CPU.Build.0 = Debug|Any CPU
		{831525C8-D049-4BBF-B3C7-0AE2C9730FC5}.Release|Any CPU.ActiveCfg = Release|Any CPU
		{831525C8-D049-4BBF-B3C7-0AE2C9730FC5}.Release|Any CPU.Build.0 = Release|Any CPU
	EndGlobalSection
	GlobalSection(SolutionProperties) = preSolution
		HideSolutionNode = FALSE
	EndGlobalSection
	GlobalSection(ExtensibilityGlobals) = postSolution
		SolutionGuid = {4B828694-BED9-4BF0-BC3F-A0C72C372166}
	EndGlobalSection
EndGlobal
